// !$*UTF8*$!
{
	archiveVersion = 1;
	classes = {
	};
	objectVersion = 53;
	objects = {

/* Begin PBXBuildFile section */
		A50F9EA826BC55E200369BCA /* ToProResJob.m in Sources */ = {isa = PBXBuildFile; fileRef = A50F9EA226BC55E200369BCA /* ToProResJob.m */; };
		A50F9EAA26BC55E200369BCA /* Controller.m in Sources */ = {isa = PBXBuildFile; fileRef = A50F9EA426BC55E200369BCA /* Controller.m */; };
		A50F9EAB26BC55E200369BCA /* main.m in Sources */ = {isa = PBXBuildFile; fileRef = A50F9EA726BC55E200369BCA /* main.m */; };
		A52500CF2A05326500F210CB /* DockCircularProgressBar.mm in Sources */ = {isa = PBXBuildFile; fileRef = A52500CD2A05271E00F210CB /* DockCircularProgressBar.mm */; };
		A54341CC29FFE57A0050DD30 /* ProgressBarView.m in Sources */ = {isa = PBXBuildFile; fileRef = A54341CA29FFE57A0050DD30 /* ProgressBarView.m */; };
		A54DB86229C3D56600B544FA /* Security.framework in Frameworks */ = {isa = PBXBuildFile; fileRef = A5C0ED01269DF03F00A115FF /* Security.framework */; };
		A57F3EC62A07A138009B8D79 /* scripts in Resources */ = {isa = PBXBuildFile; fileRef = A57F3EC02A07A138009B8D79 /* scripts */; };
		A57F3EC72A07A138009B8D79 /* appIcon.icns in Resources */ = {isa = PBXBuildFile; fileRef = A57F3EC12A07A138009B8D79 /* appIcon.icns */; };
		A57F3EC82A07A138009B8D79 /* Credits.html in Resources */ = {isa = PBXBuildFile; fileRef = A57F3EC22A07A138009B8D79 /* Credits.html */; };
		A57F3EC92A07A138009B8D79 /* tools in Resources */ = {isa = PBXBuildFile; fileRef = A57F3EC32A07A138009B8D79 /* tools */; };
		A57F3ECA2A07A138009B8D79 /* MainMenu.xib in Resources */ = {isa = PBXBuildFile; fileRef = A57F3EC42A07A138009B8D79 /* MainMenu.xib */; };
		A57F3ECB2A07A138009B8D79 /* sound in Resources */ = {isa = PBXBuildFile; fileRef = A57F3EC52A07A138009B8D79 /* sound */; };
/* End PBXBuildFile section */

/* Begin PBXFileReference section */
		A50F9EA226BC55E200369BCA /* ToProResJob.m */ = {isa = PBXFileReference; fileEncoding = 4; lastKnownFileType = sourcecode.c.objc; name = ToProResJob.m; path = ToProRes/ToProResJob.m; sourceTree = "<group>"; };
		A50F9EA426BC55E200369BCA /* Controller.m */ = {isa = PBXFileReference; fileEncoding = 4; lastKnownFileType = sourcecode.c.objc; name = Controller.m; path = ToProRes/Controller.m; sourceTree = "<group>"; };
		A50F9EA526BC55E200369BCA /* Controller.h */ = {isa = PBXFileReference; fileEncoding = 4; lastKnownFileType = sourcecode.c.h; name = Controller.h; path = ToProRes/Controller.h; sourceTree = "<group>"; };
		A50F9EA726BC55E200369BCA /* main.m */ = {isa = PBXFileReference; fileEncoding = 4; lastKnownFileType = sourcecode.c.objc; name = main.m; path = ToProRes/main.m; sourceTree = "<group>"; };
		A52500CC2A05271E00F210CB /* DockCircularProgressBar.h */ = {isa = PBXFileReference; fileEncoding = 4; lastKnownFileType = sourcecode.c.h; name = DockCircularProgressBar.h; path = ToProRes/DockCircularProgressBar.h; sourceTree = "<group>"; };
		A52500CD2A05271E00F210CB /* DockCircularProgressBar.mm */ = {isa = PBXFileReference; explicitFileType = sourcecode.cpp.objcpp; fileEncoding = 4; name = DockCircularProgressBar.mm; path = ToProRes/DockCircularProgressBar.mm; sourceTree = "<group>"; usesTabs = 0; };
		A54341CA29FFE57A0050DD30 /* ProgressBarView.m */ = {isa = PBXFileReference; fileEncoding = 4; lastKnownFileType = sourcecode.c.objc; name = ProgressBarView.m; path = ToProRes/ProgressBarView.m; sourceTree = "<group>"; };
		A54341CB29FFE57A0050DD30 /* ProgressBarView.h */ = {isa = PBXFileReference; fileEncoding = 4; lastKnownFileType = sourcecode.c.h; name = ProgressBarView.h; path = ToProRes/ProgressBarView.h; sourceTree = "<group>"; };
		A57F3EC02A07A138009B8D79 /* scripts */ = {isa = PBXFileReference; fileEncoding = 4; lastKnownFileType = text; name = scripts; path = ToProRes/Resources/scripts; sourceTree = SOURCE_ROOT; };
		A57F3EC12A07A138009B8D79 /* appIcon.icns */ = {isa = PBXFileReference; lastKnownFileType = image.icns; name = appIcon.icns; path = ToProRes/Resources/appIcon.icns; sourceTree = SOURCE_ROOT; };
		A57F3EC22A07A138009B8D79 /* Credits.html */ = {isa = PBXFileReference; fileEncoding = 4; lastKnownFileType = text.html; name = Credits.html; path = ToProRes/Resources/Credits.html; sourceTree = SOURCE_ROOT; };
		A57F3EC32A07A138009B8D79 /* tools */ = {isa = PBXFileReference; fileEncoding = 4; lastKnownFileType = text; name = tools; path = ToProRes/Resources/tools; sourceTree = SOURCE_ROOT; };
		A57F3EC42A07A138009B8D79 /* MainMenu.xib */ = {isa = PBXFileReference; fileEncoding = 4; lastKnownFileType = file.xib; name = MainMenu.xib; path = ToProRes/Resources/MainMenu.xib; sourceTree = SOURCE_ROOT; };
		A57F3EC52A07A138009B8D79 /* sound */ = {isa = PBXFileReference; fileEncoding = 4; lastKnownFileType = text; name = sound; path = ToProRes/Resources/sound; sourceTree = SOURCE_ROOT; };
		A5C0ED01269DF03F00A115FF /* Security.framework */ = {isa = PBXFileReference; lastKnownFileType = wrapper.framework; name = Security.framework; path = ../../../../System/Library/Frameworks/Security.framework; sourceTree = "<group>"; };
		A5D8198326B76656008F9D42 /* IOKit.framework */ = {isa = PBXFileReference; lastKnownFileType = wrapper.framework; name = IOKit.framework; path = System/Library/Frameworks/IOKit.framework; sourceTree = SDKROOT; };
		A5D87B3C26BC67B0001AA183 /* ToProResJob.h */ = {isa = PBXFileReference; fileEncoding = 4; lastKnownFileType = sourcecode.c.h; name = ToProResJob.h; path = ToProRes/ToProResJob.h; sourceTree = "<group>"; };
		F42A93D52178365C00C40D46 /* Foundation.framework */ = {isa = PBXFileReference; lastKnownFileType = wrapper.framework; name = Foundation.framework; path = System/Library/Frameworks/Foundation.framework; sourceTree = SDKROOT; };
		F42A93D62178365C00C40D46 /* AppKit.framework */ = {isa = PBXFileReference; lastKnownFileType = wrapper.framework; name = AppKit.framework; path = System/Library/Frameworks/AppKit.framework; sourceTree = SDKROOT; };
		F48B774111F7661C00351575 /* ToProRes.app */ = {isa = PBXFileReference; explicitFileType = wrapper.application; includeInIndex = 0; path = ToProRes.app; sourceTree = BUILT_PRODUCTS_DIR; };
/* End PBXFileReference section */

/* Begin PBXFrameworksBuildPhase section */
		F48B773F11F7661C00351575 /* Frameworks */ = {
			isa = PBXFrameworksBuildPhase;
			buildActionMask = 2147483647;
			files = (
				A54DB86229C3D56600B544FA /* Security.framework in Frameworks */,
			);
			runOnlyForDeploymentPostprocessing = 0;
		};
/* End PBXFrameworksBuildPhase section */

/* Begin PBXGroup section */
		080E96DDFE201D6D7F000001 /* Shared */ = {
			isa = PBXGroup;
			children = (
				A5E8DE5429DC65F600AB204E /* DockProgressBar */,
			);
			name = Shared;
			sourceTree = "<group>";
		};
		19C28FACFE9D520D11CA2CBB /* Products */ = {
			isa = PBXGroup;
			children = (
				F48B774111F7661C00351575 /* ToProRes.app */,
			);
			name = Products;
			sourceTree = "<group>";
		};
		29B97314FDCFA39411CA2CEA /* ToProRes */ = {
			isa = PBXGroup;
			children = (
				F48B7B8811F766CA00351575 /* ToProRes */,
				080E96DDFE201D6D7F000001 /* Shared */,
				29B97323FDCFA39411CA2CEA /* Frameworks */,
				19C28FACFE9D520D11CA2CBB /* Products */,
			);
			name = ToProRes;
			sourceTree = "<group>";
		};
		29B97323FDCFA39411CA2CEA /* Frameworks */ = {
			isa = PBXGroup;
			children = (
				A5D8198326B76656008F9D42 /* IOKit.framework */,
				F42A93D62178365C00C40D46 /* AppKit.framework */,
				F42A93D52178365C00C40D46 /* Foundation.framework */,
				A5C0ED01269DF03F00A115FF /* Security.framework */,
			);
			name = Frameworks;
			sourceTree = "<group>";
		};
		A57F3EBF2A07A0F5009B8D79 /* Resources */ = {
			isa = PBXGroup;
			children = (
				A57F3EC12A07A138009B8D79 /* appIcon.icns */,
				A57F3EC22A07A138009B8D79 /* Credits.html */,
				A57F3EC42A07A138009B8D79 /* MainMenu.xib */,
				A57F3EC02A07A138009B8D79 /* scripts */,
				A57F3EC52A07A138009B8D79 /* sound */,
				A57F3EC32A07A138009B8D79 /* tools */,
			);
			name = Resources;
			path = ToProRes/Resources;
			sourceTree = "<group>";
		};
		A5E8DE5429DC65F600AB204E /* DockProgressBar */ = {
			isa = PBXGroup;
			children = (
				A54341CB29FFE57A0050DD30 /* ProgressBarView.h */,
				A54341CA29FFE57A0050DD30 /* ProgressBarView.m */,
				A52500CC2A05271E00F210CB /* DockCircularProgressBar.h */,
				A52500CD2A05271E00F210CB /* DockCircularProgressBar.mm */,
			);
			name = DockProgressBar;
			sourceTree = "<group>";
		};
		F48B7B8811F766CA00351575 /* ToProRes */ = {
			isa = PBXGroup;
			children = (
				A50F9EA526BC55E200369BCA /* Controller.h */,
				A50F9EA426BC55E200369BCA /* Controller.m */,
				A50F9EA726BC55E200369BCA /* main.m */,
				A5D87B3C26BC67B0001AA183 /* ToProResJob.h */,
				A50F9EA226BC55E200369BCA /* ToProResJob.m */,
				A57F3EBF2A07A0F5009B8D79 /* Resources */,
			);
			name = ToProRes;
			sourceTree = "<group>";
		};
/* End PBXGroup section */

/* Begin PBXNativeTarget section */
		F48B774011F7661C00351575 /* ToProRes */ = {
			isa = PBXNativeTarget;
			buildConfigurationList = F48B774711F7661D00351575 /* Build configuration list for PBXNativeTarget "ToProRes" */;
			buildPhases = (
				F48B773D11F7661C00351575 /* Resources */,
				F48B773E11F7661C00351575 /* Sources */,
				F48B773F11F7661C00351575 /* Frameworks */,
				F4302B7B21C5A04A001C8BEC /* ShellScript */,
			);
			buildRules = (
			);
			dependencies = (
			);
			name = ToProRes;
			productName = ToProRes;
			productReference = F48B774111F7661C00351575 /* ToProRes.app */;
			productType = "com.apple.product-type.application";
		};
/* End PBXNativeTarget section */

/* Begin PBXProject section */
		29B97313FDCFA39411CA2CEA /* Project object */ = {
			isa = PBXProject;
			attributes = {
				BuildIndependentTargetsInParallel = YES;
				LastUpgradeCheck = 1430;
				ORGANIZATIONNAME = "Sergey Galan";
				TargetAttributes = {
					F48B774011F7661C00351575 = {
						DevelopmentTeam = WSC9LR5SDP;
						ProvisioningStyle = Manual;
					};
				};
			};
			buildConfigurationList = F41B2181085CD8FF00B63B0D /* Build configuration list for PBXProject "TOPRORES" */;
			compatibilityVersion = "Xcode 3.2";
			developmentRegion = en;
			hasScannedForEncodings = 1;
			knownRegions = (
				fr,
				Base,
				ja,
				en,
				de,
			);
			mainGroup = 29B97314FDCFA39411CA2CEA /* ToProRes */;
			projectDirPath = "";
			projectRoot = "";
			targets = (
				F48B774011F7661C00351575 /* ToProRes */,
			);
		};
/* End PBXProject section */

/* Begin PBXResourcesBuildPhase section */
		F48B773D11F7661C00351575 /* Resources */ = {
			isa = PBXResourcesBuildPhase;
			buildActionMask = 2147483647;
			files = (
				A57F3ECB2A07A138009B8D79 /* sound in Resources */,
				A57F3EC62A07A138009B8D79 /* scripts in Resources */,
				A57F3ECA2A07A138009B8D79 /* MainMenu.xib in Resources */,
				A57F3EC82A07A138009B8D79 /* Credits.html in Resources */,
				A57F3EC92A07A138009B8D79 /* tools in Resources */,
				A57F3EC72A07A138009B8D79 /* appIcon.icns in Resources */,
			);
			runOnlyForDeploymentPostprocessing = 0;
		};
/* End PBXResourcesBuildPhase section */

/* Begin PBXShellScriptBuildPhase section */
		F4302B7B21C5A04A001C8BEC /* ShellScript */ = {
			isa = PBXShellScriptBuildPhase;
			buildActionMask = 2147483647;
			files = (
			);
			inputFileListPaths = (
			);
			inputPaths = (
			);
			outputFileListPaths = (
			);
			outputPaths = (
			);
			runOnlyForDeploymentPostprocessing = 0;
			shellPath = /bin/sh;
		};
/* End PBXShellScriptBuildPhase section */

/* Begin PBXSourcesBuildPhase section */
		F48B773E11F7661C00351575 /* Sources */ = {
			isa = PBXSourcesBuildPhase;
			buildActionMask = 2147483647;
			files = (
				A50F9EA826BC55E200369BCA /* ToProResJob.m in Sources */,
				A52500CF2A05326500F210CB /* DockCircularProgressBar.mm in Sources */,
				A54341CC29FFE57A0050DD30 /* ProgressBarView.m in Sources */,
				A50F9EAA26BC55E200369BCA /* Controller.m in Sources */,
				A50F9EAB26BC55E200369BCA /* main.m in Sources */,
			);
			runOnlyForDeploymentPostprocessing = 0;
		};
/* End PBXSourcesBuildPhase section */

/* Begin XCBuildConfiguration section */
		F41B2182085CD8FF00B63B0D /* Development */ = {
			isa = XCBuildConfiguration;
			buildSettings = {
				ALWAYS_SEARCH_USER_PATHS = NO;
				CLANG_ANALYZER_LOCALIZABILITY_NONLOCALIZED = YES;
				CLANG_ENABLE_OBJC_ARC = YES;
				CLANG_LINK_OBJC_RUNTIME = YES;
				CLANG_WARN_ASSIGN_ENUM = NO;
				CLANG_WARN_BLOCK_CAPTURE_AUTORELEASING = YES;
				CLANG_WARN_COMMA = YES;
				CLANG_WARN_DEPRECATED_OBJC_IMPLEMENTATIONS = YES;
				CLANG_WARN_EMPTY_BODY = YES;
				CLANG_WARN_INFINITE_RECURSION = YES;
				CLANG_WARN_OBJC_IMPLICIT_RETAIN_SELF = NO;
				CLANG_WARN_QUOTED_INCLUDE_IN_FRAMEWORK_HEADER = YES;
				CLANG_WARN_RANGE_LOOP_ANALYSIS = YES;
				CLANG_WARN_SEMICOLON_BEFORE_METHOD_BODY = NO;
				CLANG_WARN_STRICT_PROTOTYPES = YES;
				CLANG_WARN_SUSPICIOUS_IMPLICIT_CONVERSION = YES;
				CLANG_WARN_SUSPICIOUS_MOVE = YES;
				CLANG_WARN_UNREACHABLE_CODE = YES;
				CLANG_WARN__DUPLICATE_METHOD_MATCH = YES;
				CODE_SIGN_IDENTITY = "";
				DEAD_CODE_STRIPPING = YES;
				DEBUG_INFORMATION_FORMAT = "dwarf-with-dsym";
				DEPLOYMENT_POSTPROCESSING = YES;
				ENABLE_STRICT_OBJC_MSGSEND = YES;
				ENABLE_TESTABILITY = YES;
				GCC_CW_ASM_SYNTAX = NO;
				GCC_ENABLE_CPP_EXCEPTIONS = NO;
				GCC_ENABLE_CPP_RTTI = NO;
				GCC_ENABLE_OBJC_EXCEPTIONS = YES;
				GCC_ENABLE_PASCAL_STRINGS = NO;
				GCC_GENERATE_DEBUGGING_SYMBOLS = YES;
				GCC_NO_COMMON_BLOCKS = YES;
				GCC_PREPROCESSOR_DEFINITIONS = "DEBUG=1";
				GCC_STRICT_ALIASING = YES;
				GCC_TREAT_IMPLICIT_FUNCTION_DECLARATIONS_AS_ERRORS = NO;
				GCC_WARN_64_TO_32_BIT_CONVERSION = YES;
				GCC_WARN_ABOUT_MISSING_NEWLINE = YES;
				GCC_WARN_ABOUT_MISSING_PROTOTYPES = YES;
				GCC_WARN_ABOUT_RETURN_TYPE = YES;
				GCC_WARN_FOUR_CHARACTER_CONSTANTS = NO;
				GCC_WARN_PEDANTIC = YES;
				GCC_WARN_SHADOW = YES;
				GCC_WARN_STRICT_SELECTOR_MATCH = NO;
				GCC_WARN_UNDECLARED_SELECTOR = YES;
				GCC_WARN_UNINITIALIZED_AUTOS = YES;
				GCC_WARN_UNUSED_FUNCTION = YES;
				GCC_WARN_UNUSED_LABEL = YES;
				GCC_WARN_UNUSED_PARAMETER = NO;
				GCC_WARN_UNUSED_VARIABLE = YES;
				GENERATE_PROFILING_CODE = YES;
				IBC_FLATTEN_NIBS = YES;
				INFOPLIST_EXPAND_BUILD_SETTINGS = NO;
				INFOPLIST_OUTPUT_FORMAT = binary;
				INFOPLIST_PREPROCESS = NO;
				MACOSX_DEPLOYMENT_TARGET = 10.13;
				ONLY_ACTIVE_ARCH = YES;
				OTHER_LDFLAGS = "";
				PLIST_FILE_OUTPUT_FORMAT = XML;
				SCAN_ALL_SOURCE_FILES_FOR_INCLUDES = NO;
				SDKROOT = macosx;
				SKIP_INSTALL = YES;
				STRINGS_FILE_OUTPUT_ENCODING = "UTF-8";
				STRIPFLAGS = "-x";
				SYMROOT = build;
				VALID_ARCHS = x86_64;
				WARNING_CFLAGS = "-Wpartial-availability";
			};
			name = Development;
		};
		F41B2183085CD8FF00B63B0D /* Deployment */ = {
			isa = XCBuildConfiguration;
			buildSettings = {
				ALWAYS_SEARCH_USER_PATHS = NO;
				CLANG_ANALYZER_LOCALIZABILITY_NONLOCALIZED = YES;
				CLANG_ENABLE_OBJC_ARC = YES;
				CLANG_LINK_OBJC_RUNTIME = YES;
				CLANG_WARN_ASSIGN_ENUM = NO;
				CLANG_WARN_BLOCK_CAPTURE_AUTORELEASING = YES;
				CLANG_WARN_COMMA = YES;
				CLANG_WARN_DEPRECATED_OBJC_IMPLEMENTATIONS = YES;
				CLANG_WARN_EMPTY_BODY = YES;
				CLANG_WARN_INFINITE_RECURSION = YES;
				CLANG_WARN_OBJC_IMPLICIT_RETAIN_SELF = NO;
				CLANG_WARN_QUOTED_INCLUDE_IN_FRAMEWORK_HEADER = YES;
				CLANG_WARN_RANGE_LOOP_ANALYSIS = YES;
				CLANG_WARN_SEMICOLON_BEFORE_METHOD_BODY = NO;
				CLANG_WARN_STRICT_PROTOTYPES = YES;
				CLANG_WARN_SUSPICIOUS_IMPLICIT_CONVERSION = YES;
				CLANG_WARN_SUSPICIOUS_MOVE = YES;
				CLANG_WARN_UNREACHABLE_CODE = YES;
				CLANG_WARN__DUPLICATE_METHOD_MATCH = YES;
				CODE_SIGN_IDENTITY = "";
				DEAD_CODE_STRIPPING = YES;
				DEBUG_INFORMATION_FORMAT = "dwarf-with-dsym";
				DEPLOYMENT_POSTPROCESSING = YES;
				ENABLE_STRICT_OBJC_MSGSEND = YES;
				ENABLE_TESTABILITY = NO;
				GCC_CW_ASM_SYNTAX = NO;
				GCC_ENABLE_CPP_EXCEPTIONS = NO;
				GCC_ENABLE_CPP_RTTI = NO;
				GCC_ENABLE_OBJC_EXCEPTIONS = YES;
				GCC_ENABLE_PASCAL_STRINGS = NO;
				GCC_GENERATE_DEBUGGING_SYMBOLS = NO;
				GCC_NO_COMMON_BLOCKS = YES;
				GCC_PREPROCESSOR_DEFINITIONS = "";
				GCC_STRICT_ALIASING = YES;
				GCC_SYMBOLS_PRIVATE_EXTERN = YES;
				GCC_TREAT_IMPLICIT_FUNCTION_DECLARATIONS_AS_ERRORS = NO;
				GCC_WARN_64_TO_32_BIT_CONVERSION = YES;
				GCC_WARN_ABOUT_MISSING_NEWLINE = YES;
				GCC_WARN_ABOUT_MISSING_PROTOTYPES = YES;
				GCC_WARN_ABOUT_RETURN_TYPE = YES;
				GCC_WARN_FOUR_CHARACTER_CONSTANTS = NO;
				GCC_WARN_PEDANTIC = YES;
				GCC_WARN_SHADOW = YES;
				GCC_WARN_STRICT_SELECTOR_MATCH = NO;
				GCC_WARN_UNDECLARED_SELECTOR = YES;
				GCC_WARN_UNINITIALIZED_AUTOS = YES;
				GCC_WARN_UNUSED_FUNCTION = YES;
				GCC_WARN_UNUSED_LABEL = YES;
				GCC_WARN_UNUSED_PARAMETER = NO;
				GCC_WARN_UNUSED_VALUE = YES;
				GCC_WARN_UNUSED_VARIABLE = YES;
				IBC_FLATTEN_NIBS = YES;
				INFOPLIST_EXPAND_BUILD_SETTINGS = NO;
				INFOPLIST_OUTPUT_FORMAT = binary;
				INFOPLIST_PREPROCESS = NO;
				LINKER_DISPLAYS_MANGLED_NAMES = NO;
				MACOSX_DEPLOYMENT_TARGET = 10.13;
				ONLY_ACTIVE_ARCH = NO;
				OTHER_LDFLAGS = "";
				PLIST_FILE_OUTPUT_FORMAT = binary;
				SCAN_ALL_SOURCE_FILES_FOR_INCLUDES = NO;
				SDKROOT = macosx;
				SKIP_INSTALL = YES;
				STRINGS_FILE_OUTPUT_ENCODING = binary;
				STRIPFLAGS = "-x";
				SYMROOT = build;
				VALID_ARCHS = x86_64;
				WARNING_CFLAGS = "-Wpartial-availability";
			};
			name = Deployment;
		};
		F41B2184085CD8FF00B63B0D /* Default */ = {
			isa = XCBuildConfiguration;
			buildSettings = {
				ALWAYS_SEARCH_USER_PATHS = NO;
				CLANG_ANALYZER_LOCALIZABILITY_NONLOCALIZED = YES;
				CLANG_ENABLE_OBJC_ARC = YES;
				CLANG_LINK_OBJC_RUNTIME = YES;
				CLANG_WARN_ASSIGN_ENUM = NO;
				CLANG_WARN_BLOCK_CAPTURE_AUTORELEASING = YES;
				CLANG_WARN_COMMA = YES;
				CLANG_WARN_DEPRECATED_OBJC_IMPLEMENTATIONS = YES;
				CLANG_WARN_EMPTY_BODY = YES;
				CLANG_WARN_INFINITE_RECURSION = YES;
				CLANG_WARN_OBJC_IMPLICIT_RETAIN_SELF = NO;
				CLANG_WARN_QUOTED_INCLUDE_IN_FRAMEWORK_HEADER = YES;
				CLANG_WARN_RANGE_LOOP_ANALYSIS = YES;
				CLANG_WARN_SEMICOLON_BEFORE_METHOD_BODY = NO;
				CLANG_WARN_STRICT_PROTOTYPES = YES;
				CLANG_WARN_SUSPICIOUS_IMPLICIT_CONVERSION = YES;
				CLANG_WARN_SUSPICIOUS_MOVE = YES;
				CLANG_WARN_UNREACHABLE_CODE = YES;
				CLANG_WARN__DUPLICATE_METHOD_MATCH = YES;
				CODE_SIGN_IDENTITY = "";
				CONFIGURATION_TEMP_DIR = "";
				DEAD_CODE_STRIPPING = YES;
				DEBUG_INFORMATION_FORMAT = "dwarf-with-dsym";
				DEPLOYMENT_POSTPROCESSING = YES;
				ENABLE_STRICT_OBJC_MSGSEND = YES;
				ENABLE_TESTABILITY = NO;
				GCC_CW_ASM_SYNTAX = NO;
				GCC_ENABLE_CPP_EXCEPTIONS = NO;
				GCC_ENABLE_CPP_RTTI = NO;
				GCC_ENABLE_OBJC_EXCEPTIONS = YES;
				GCC_ENABLE_PASCAL_STRINGS = NO;
				GCC_GENERATE_DEBUGGING_SYMBOLS = NO;
				GCC_NO_COMMON_BLOCKS = YES;
				GCC_PREPROCESSOR_DEFINITIONS = "";
				GCC_STRICT_ALIASING = YES;
				GCC_TREAT_IMPLICIT_FUNCTION_DECLARATIONS_AS_ERRORS = NO;
				GCC_WARN_64_TO_32_BIT_CONVERSION = YES;
				GCC_WARN_ABOUT_MISSING_NEWLINE = YES;
				GCC_WARN_ABOUT_MISSING_PROTOTYPES = YES;
				GCC_WARN_ABOUT_RETURN_TYPE = YES;
				GCC_WARN_FOUR_CHARACTER_CONSTANTS = NO;
				GCC_WARN_PEDANTIC = YES;
				GCC_WARN_SHADOW = YES;
				GCC_WARN_STRICT_SELECTOR_MATCH = NO;
				GCC_WARN_UNDECLARED_SELECTOR = YES;
				GCC_WARN_UNINITIALIZED_AUTOS = YES;
				GCC_WARN_UNUSED_FUNCTION = YES;
				GCC_WARN_UNUSED_LABEL = YES;
				GCC_WARN_UNUSED_PARAMETER = NO;
				GCC_WARN_UNUSED_VARIABLE = YES;
				IBC_FLATTEN_NIBS = YES;
				INFOPLIST_EXPAND_BUILD_SETTINGS = NO;
				INFOPLIST_OUTPUT_FORMAT = binary;
				INFOPLIST_PREPROCESS = NO;
				MACOSX_DEPLOYMENT_TARGET = 10.13;
				ONLY_ACTIVE_ARCH = NO;
				OTHER_LDFLAGS = "";
				PLIST_FILE_OUTPUT_FORMAT = binary;
				SCAN_ALL_SOURCE_FILES_FOR_INCLUDES = NO;
				SDKROOT = macosx;
				SKIP_INSTALL = YES;
				STRINGS_FILE_OUTPUT_ENCODING = binary;
				STRIPFLAGS = "-x";
				SYMROOT = build;
				VALID_ARCHS = x86_64;
				WARNING_CFLAGS = "-Wpartial-availability";
			};
			name = Default;
		};
		F48B774411F7661D00351575 /* Development */ = {
			isa = XCBuildConfiguration;
			buildSettings = {
				ALWAYS_SEARCH_USER_PATHS = NO;
				CLANG_ALLOW_NON_MODULAR_INCLUDES_IN_FRAMEWORK_MODULES = YES;
				CLANG_ENABLE_MODULES = YES;
				CLANG_ENABLE_OBJC_ARC = YES;
				CODE_SIGN_IDENTITY = "Apple Development";
				"CODE_SIGN_IDENTITY[sdk=macosx*]" = "-";
				CODE_SIGN_STYLE = Manual;
				COMBINE_HIDPI_IMAGES = YES;
				COPY_PHASE_STRIP = NO;
				CURRENT_PROJECT_VERSION = 1.0.1;
				DEAD_CODE_STRIPPING = YES;
				DEBUG_INFORMATION_FORMAT = "dwarf-with-dsym";
				DEVELOPMENT_TEAM = "";
				"DEVELOPMENT_TEAM[sdk=macosx*]" = WSC9LR5SDP;
				ENABLE_HARDENED_RUNTIME = YES;
				EXCLUDED_SOURCE_FILE_NAMES = "";
				GCC_CW_ASM_SYNTAX = NO;
				GCC_DYNAMIC_NO_PIC = NO;
				GCC_ENABLE_PASCAL_STRINGS = YES;
				GCC_GENERATE_DEBUGGING_SYMBOLS = YES;
				GCC_OPTIMIZATION_LEVEL = 0;
				GCC_PRECOMPILE_PREFIX_HEADER = NO;
				GENERATE_PKGINFO_FILE = NO;
				IBC_FLATTEN_NIBS = NO;
				INFOPLIST_EXPAND_BUILD_SETTINGS = NO;
				INFOPLIST_FILE = "ToProRes/Resources/ToProRes-Info.plist";
				INFOPLIST_KEY_LSApplicationCategoryType = "public.app-category.video";
				INFOPLIST_OTHER_PREPROCESSOR_FLAGS = "-traditional";
				INFOPLIST_OUTPUT_FORMAT = XML;
				INSTALL_PATH = "";
				LD_RUNPATH_SEARCH_PATHS = (
					"$(inherited)",
					"@executable_path/../Frameworks",
				);
				MACOSX_DEPLOYMENT_TARGET = 10.13;
				MARKETING_VERSION = 1.0.1;
				ONLY_ACTIVE_ARCH = YES;
				PLIST_FILE_OUTPUT_FORMAT = xml;
				PRODUCT_BUNDLE_IDENTIFIER = org.SerhiiHalan.ToProRes;
				PRODUCT_NAME = ToProRes;
				PROVISIONING_PROFILE_SPECIFIER = "";
				WARNING_CFLAGS = "-Wpartial-availability";
			};
			name = Development;
		};
		F48B774511F7661D00351575 /* Deployment */ = {
			isa = XCBuildConfiguration;
			buildSettings = {
				ALWAYS_SEARCH_USER_PATHS = NO;
				CLANG_ALLOW_NON_MODULAR_INCLUDES_IN_FRAMEWORK_MODULES = YES;
				CLANG_ENABLE_MODULES = YES;
				CLANG_ENABLE_OBJC_ARC = YES;
				CODE_SIGN_IDENTITY = "Apple Development";
				"CODE_SIGN_IDENTITY[sdk=macosx*]" = "-";
				CODE_SIGN_STYLE = Manual;
				COMBINE_HIDPI_IMAGES = YES;
				COPY_PHASE_STRIP = YES;
				CURRENT_PROJECT_VERSION = 1.0.1;
				DEAD_CODE_STRIPPING = YES;
				DEBUG_INFORMATION_FORMAT = "dwarf-with-dsym";
				DEVELOPMENT_TEAM = "";
				"DEVELOPMENT_TEAM[sdk=macosx*]" = WSC9LR5SDP;
				ENABLE_HARDENED_RUNTIME = YES;
				EXCLUDED_SOURCE_FILE_NAMES = "";
				GCC_CW_ASM_SYNTAX = NO;
				GCC_DYNAMIC_NO_PIC = NO;
				GCC_ENABLE_PASCAL_STRINGS = YES;
				GCC_PRECOMPILE_PREFIX_HEADER = NO;
				GCC_UNROLL_LOOPS = NO;
				GENERATE_PKGINFO_FILE = NO;
				IBC_FLATTEN_NIBS = NO;
				INFOPLIST_EXPAND_BUILD_SETTINGS = NO;
				INFOPLIST_FILE = "ToProRes/Resources/ToProRes-Info.plist";
				INFOPLIST_KEY_LSApplicationCategoryType = "public.app-category.video";
				INFOPLIST_OTHER_PREPROCESSOR_FLAGS = "-traditional";
				INFOPLIST_OUTPUT_FORMAT = binary;
				INSTALL_PATH = "";
				LD_RUNPATH_SEARCH_PATHS = (
					"$(inherited)",
					"@executable_path/../Frameworks",
				);
				MACOSX_DEPLOYMENT_TARGET = 10.13;
				MARKETING_VERSION = 1.0.1;
				PLIST_FILE_OUTPUT_FORMAT = binary;
				PRODUCT_BUNDLE_IDENTIFIER = org.SerhiiHalan.ToProRes;
				PRODUCT_NAME = ToProRes;
				PROVISIONING_PROFILE_SPECIFIER = "";
				WARNING_CFLAGS = "-Wpartial-availability";
			};
			name = Deployment;
		};
		F48B774611F7661D00351575 /* Default */ = {
			isa = XCBuildConfiguration;
			buildSettings = {
				ALWAYS_SEARCH_USER_PATHS = NO;
				CLANG_ALLOW_NON_MODULAR_INCLUDES_IN_FRAMEWORK_MODULES = YES;
				CLANG_ENABLE_MODULES = YES;
				CLANG_ENABLE_OBJC_ARC = YES;
				CODE_SIGN_IDENTITY = "Apple Development";
				"CODE_SIGN_IDENTITY[sdk=macosx*]" = "-";
				CODE_SIGN_STYLE = Manual;
				COMBINE_HIDPI_IMAGES = YES;
				CURRENT_PROJECT_VERSION = 1.0.1;
				DEAD_CODE_STRIPPING = YES;
				DEBUG_INFORMATION_FORMAT = "dwarf-with-dsym";
				DEVELOPMENT_TEAM = "";
				"DEVELOPMENT_TEAM[sdk=macosx*]" = WSC9LR5SDP;
				ENABLE_HARDENED_RUNTIME = YES;
				EXCLUDED_SOURCE_FILE_NAMES = "";
				GCC_CW_ASM_SYNTAX = NO;
				GCC_ENABLE_PASCAL_STRINGS = YES;
				GCC_PRECOMPILE_PREFIX_HEADER = NO;
				GENERATE_PKGINFO_FILE = NO;
				IBC_FLATTEN_NIBS = NO;
				INFOPLIST_EXPAND_BUILD_SETTINGS = NO;
				INFOPLIST_FILE = "ToProRes/Resources/ToProRes-Info.plist";
				INFOPLIST_KEY_LSApplicationCategoryType = "public.app-category.video";
				INFOPLIST_OTHER_PREPROCESSOR_FLAGS = "-traditional";
				INSTALL_PATH = "";
				LD_RUNPATH_SEARCH_PATHS = (
					"$(inherited)",
					"@executable_path/../Frameworks",
				);
				MACOSX_DEPLOYMENT_TARGET = 10.13;
				MARKETING_VERSION = 1.0.1;
				PRODUCT_BUNDLE_IDENTIFIER = org.SerhiiHalan.ToProRes;
				PRODUCT_NAME = ToProRes;
				PROVISIONING_PROFILE_SPECIFIER = "";
				WARNING_CFLAGS = "-Wpartial-availability";
			};
			name = Default;
		};
/* End XCBuildConfiguration section */

/* Begin XCConfigurationList section */
		F41B2181085CD8FF00B63B0D /* Build configuration list for PBXProject "TOPRORES" */ = {
			isa = XCConfigurationList;
			buildConfigurations = (
				F41B2182085CD8FF00B63B0D /* Development */,
				F41B2183085CD8FF00B63B0D /* Deployment */,
				F41B2184085CD8FF00B63B0D /* Default */,
			);
			defaultConfigurationIsVisible = 0;
			defaultConfigurationName = Default;
		};
		F48B774711F7661D00351575 /* Build configuration list for PBXNativeTarget "ToProRes" */ = {
			isa = XCConfigurationList;
			buildConfigurations = (
				F48B774411F7661D00351575 /* Development */,
				F48B774511F7661D00351575 /* Deployment */,
				F48B774611F7661D00351575 /* Default */,
			);
			defaultConfigurationIsVisible = 0;
			defaultConfigurationName = Default;
		};
/* End XCConfigurationList section */
	};
	rootObject = 29B97313FDCFA39411CA2CEA /* Project object */;
}
